
Microsoft Visual Studio Solution File, Format Version 12.00
# Visual Studio Version 17
VisualStudioVersion = 17.10.35013.160
MinimumVisualStudioVersion = 10.0.40219.1
Project("{FAE04EC0-301F-11D3-BF4B-00C04F79EFBC}") = "PizzaHub.UI", "PizzaHub.UI.csproj", "{4A6C8F33-08A5-444E-B1C7-9641A1093940}"
EndProject
Project("{FAE04EC0-301F-11D3-BF4B-00C04F79EFBC}") = "PizzaHub.Core", "..\PizzaHub.Core\PizzaHub.Core.csproj", "{40F761D9-3638-4C2A-B8E6-A73E69605519}"
EndProject
Project("{FAE04EC0-301F-11D3-BF4B-00C04F79EFBC}") = "PizzaHub.Models", "..\PizzaHub.Models\PizzaHub.Models.csproj", "{3F0194F0-5791-4BA6-88ED-8A64A8BCBD7A}"
EndProject
Project("{FAE04EC0-301F-11D3-BF4B-00C04F79EFBC}") = "PizzaHub.Repository", "..\PizzaHub.Repository\PizzaHub.Repository.csproj", "{5EC4489D-9314-4C4C-8FFA-174F938ED648}"
EndProject
Project("{FAE04EC0-301F-11D3-BF4B-00C04F79EFBC}") = "PizzaHub.Services", "..\PizzaHub.Services\PizzaHub.Services.csproj", "{3F8299A9-BB08-4D7D-BBFC-4CD063577488}"
EndProject
Global
	GlobalSection(SolutionConfigurationPlatforms) = preSolution
		Debug|Any CPU = Debug|Any CPU
		Release|Any CPU = Release|Any CPU
	EndGlobalSection
	GlobalSection(ProjectConfigurationPlatforms) = postSolution
		{4A6C8F33-08A5-444E-B1C7-9641A1093940}.Debug|Any CPU.ActiveCfg = Debug|Any CPU
		{4A6C8F33-08A5-444E-B1C7-9641A1093940}.Debug|Any CPU.Build.0 = Debug|Any CPU
		{4A6C8F33-08A5-444E-B1C7-9641A1093940}.Release|Any CPU.ActiveCfg = Release|Any CPU
		{4A6C8F33-08A5-444E-B1C7-9641A1093940}.Release|Any CPU.Build.0 = Release|Any CPU
		{40F761D9-3638-4C2A-B8E6-A73E69605519}.Debug|Any CPU.ActiveCfg = Debug|Any CPU
		{40F761D9-3638-4C2A-B8E6-A73E69605519}.Debug|Any CPU.Build.0 = Debug|Any CPU
		{40F761D9-3638-4C2A-B8E6-A73E69605519}.Release|Any CPU.ActiveCfg = Release|Any CPU
		{40F761D9-3638-4C2A-B8E6-A73E69605519}.Release|Any CPU.Build.0 = Release|Any CPU
		{3F0194F0-5791-4BA6-88ED-8A64A8BCBD7A}.Debug|Any CPU.ActiveCfg = Debug|Any CPU
		{3F0194F0-5791-4BA6-88ED-8A64A8BCBD7A}.Debug|Any CPU.Build.0 = Debug|Any CPU
		{3F0194F0-5791-4BA6-88ED-8A64A8BCBD7A}.Release|Any CPU.ActiveCfg = Release|Any CPU
		{3F0194F0-5791-4BA6-88ED-8A64A8BCBD7A}.Release|Any CPU.Build.0 = Release|Any CPU
		{5EC4489D-9314-4C4C-8FFA-174F938ED648}.Debug|Any CPU.ActiveCfg = Debug|Any CPU
		{5EC4489D-9314-4C4C-8FFA-174F938ED648}.Debug|Any CPU.Build.0 = Debug|Any CPU
		{5EC4489D-9314-4C4C-8FFA-174F938ED648}.Release|Any CPU.ActiveCfg = Release|Any CPU
		{5EC4489D-9314-4C4C-8FFA-174F938ED648}.Release|Any CPU.Build.0 = Release|Any CPU
		{3F8299A9-BB08-4D7D-BBFC-4CD063577488}.Debug|Any CPU.ActiveCfg = Debug|Any CPU
		{3F8299A9-BB08-4D7D-BBFC-4CD063577488}.Debug|Any CPU.Build.0 = Debug|Any CPU
		{3F8299A9-BB08-4D7D-BBFC-4CD063577488}.Release|Any CPU.ActiveCfg = Release|Any CPU
		{3F8299A9-BB08-4D7D-BBFC-4CD063577488}.Release|Any CPU.Build.0 = Release|Any CPU
	EndGlobalSection
	GlobalSection(SolutionProperties) = preSolution
		HideSolutionNode = FALSE
	EndGlobalSection
	GlobalSection(ExtensibilityGlobals) = postSolution
		SolutionGuid = {8EA0E17D-5D9D-420F-BACC-1E1E29C9D068}
	EndGlobalSection
EndGlobal
